
Microsoft Visual Studio Solution File, Format Version 12.00
# Visual Studio Version 17
VisualStudioVersion = 17.8.34330.188
MinimumVisualStudioVersion = 10.0.40219.1
Project("{FAE04EC0-301F-11D3-BF4B-00C04F79EFBC}") = "ReposetoryPatternWith_UOW.Api", "ReposetoryPatternWith_UOW.Api\ReposetoryPatternWith_UOW.Api.csproj", "{67E06EA0-FEC2-435C-93D0-6F5539A9BAB8}"
EndProject
Project("{FAE04EC0-301F-11D3-BF4B-00C04F79EFBC}") = "ReposetoryPatternWith_UOW.Core", "ReposetoryPatternWith_UOW.Core\ReposetoryPatternWith_UOW.Core.csproj", "{80263BA3-7871-4594-B05A-547F7F27EAF2}"
EndProject
Project("{FAE04EC0-301F-11D3-BF4B-00C04F79EFBC}") = "ReposetoryPatternWith_UOW.EF", "ReposetoryPatternWith_UOW.EF\ReposetoryPatternWith_UOW.EF.csproj", "{829A82E6-B80E-4796-92BC-7F131BA4BBEA}"
EndProject
Global
	GlobalSection(SolutionConfigurationPlatforms) = preSolution
		Debug|Any CPU = Debug|Any CPU
		Release|Any CPU = Release|Any CPU
	EndGlobalSection
	GlobalSection(ProjectConfigurationPlatforms) = postSolution
		{67E06EA0-FEC2-435C-93D0-6F5539A9BAB8}.Debug|Any CPU.ActiveCfg = Debug|Any CPU
		{67E06EA0-FEC2-435C-93D0-6F5539A9BAB8}.Debug|Any CPU.Build.0 = Debug|Any CPU
		{67E06EA0-FEC2-435C-93D0-6F5539A9BAB8}.Release|Any CPU.ActiveCfg = Release|Any CPU
		{67E06EA0-FEC2-435C-93D0-6F5539A9BAB8}.Release|Any CPU.Build.0 = Release|Any CPU
		{80263BA3-7871-4594-B05A-547F7F27EAF2}.Debug|Any CPU.ActiveCfg = Debug|Any CPU
		{80263BA3-7871-4594-B05A-547F7F27EAF2}.Debug|Any CPU.Build.0 = Debug|Any CPU
		{80263BA3-7871-4594-B05A-547F7F27EAF2}.Release|Any CPU.ActiveCfg = Release|Any CPU
		{80263BA3-7871-4594-B05A-547F7F27EAF2}.Release|Any CPU.Build.0 = Release|Any CPU
		{829A82E6-B80E-4796-92BC-7F131BA4BBEA}.Debug|Any CPU.ActiveCfg = Debug|Any CPU
		{829A82E6-B80E-4796-92BC-7F131BA4BBEA}.Debug|Any CPU.Build.0 = Debug|Any CPU
		{829A82E6-B80E-4796-92BC-7F131BA4BBEA}.Release|Any CPU.ActiveCfg = Release|Any CPU
		{829A82E6-B80E-4796-92BC-7F131BA4BBEA}.Release|Any CPU.Build.0 = Release|Any CPU
	EndGlobalSection
	GlobalSection(SolutionProperties) = preSolution
		HideSolutionNode = FALSE
	EndGlobalSection
	GlobalSection(ExtensibilityGlobals) = postSolution
		SolutionGuid = {F292AFF0-C242-4C38-A5BB-75F953061FE3}
	EndGlobalSection
EndGlobal
